// !$*UTF8*$!
{
	archiveVersion = 1;
	classes = {
	};
	objectVersion = 50;
	objects = {

/* Begin PBXBuildFile section */
		4AE9B497F323B8574F6435EB /* Pods_MiTierTests.framework in Frameworks */ = {isa = PBXBuildFile; fileRef = E09A59788D62FA36D8A81E03 /* Pods_MiTierTests.framework */; };
		7204104A5C81411D5F5F782E /* Pods_MiTier.framework in Frameworks */ = {isa = PBXBuildFile; fileRef = 942E7343E7B0E98B51929A51 /* Pods_MiTier.framework */; };
		98059B4824F7C6FA00F12CE1 /* AppDelegate.swift in Sources */ = {isa = PBXBuildFile; fileRef = 98059B4724F7C6FA00F12CE1 /* AppDelegate.swift */; };
		98059B4A24F7C6FA00F12CE1 /* SceneDelegate.swift in Sources */ = {isa = PBXBuildFile; fileRef = 98059B4924F7C6FA00F12CE1 /* SceneDelegate.swift */; };
		98059B4C24F7C6FA00F12CE1 /* ViewController.swift in Sources */ = {isa = PBXBuildFile; fileRef = 98059B4B24F7C6FA00F12CE1 /* ViewController.swift */; };
		98059B4F24F7C6FA00F12CE1 /* Main.storyboard in Resources */ = {isa = PBXBuildFile; fileRef = 98059B4D24F7C6FA00F12CE1 /* Main.storyboard */; };
		98059B5124F7C6FA00F12CE1 /* Assets.xcassets in Resources */ = {isa = PBXBuildFile; fileRef = 98059B5024F7C6FA00F12CE1 /* Assets.xcassets */; };
		98059B5424F7C6FA00F12CE1 /* LaunchScreen.storyboard in Resources */ = {isa = PBXBuildFile; fileRef = 98059B5224F7C6FA00F12CE1 /* LaunchScreen.storyboard */; };
		98059B5F24F7C6FA00F12CE1 /* MiTierTests.swift in Sources */ = {isa = PBXBuildFile; fileRef = 98059B5E24F7C6FA00F12CE1 /* MiTierTests.swift */; };
		98059B6A24F7C6FA00F12CE1 /* MiTierUITests.swift in Sources */ = {isa = PBXBuildFile; fileRef = 98059B6924F7C6FA00F12CE1 /* MiTierUITests.swift */; };
		C5DE6C25E7BA8FB2D3F326A9 /* Pods_MiTier_MiTierUITests.framework in Frameworks */ = {isa = PBXBuildFile; fileRef = 98659779C261DD4AAD239594 /* Pods_MiTier_MiTierUITests.framework */; };
/* End PBXBuildFile section */

/* Begin PBXContainerItemProxy section */
		98059B5B24F7C6FA00F12CE1 /* PBXContainerItemProxy */ = {
			isa = PBXContainerItemProxy;
			containerPortal = 98059B3C24F7C6FA00F12CE1 /* Project object */;
			proxyType = 1;
			remoteGlobalIDString = 98059B4324F7C6FA00F12CE1;
			remoteInfo = MiTier;
		};
		98059B6624F7C6FA00F12CE1 /* PBXContainerItemProxy */ = {
			isa = PBXContainerItemProxy;
			containerPortal = 98059B3C24F7C6FA00F12CE1 /* Project object */;
			proxyType = 1;
			remoteGlobalIDString = 98059B4324F7C6FA00F12CE1;
			remoteInfo = MiTier;
		};
/* End PBXContainerItemProxy section */

/* Begin PBXFileReference section */
		1D6DDC377556A4F65DAE4DCB /* Pods-MiTier-MiTierUITests.debug.xcconfig */ = {isa = PBXFileReference; includeInIndex = 1; lastKnownFileType = text.xcconfig; name = "Pods-MiTier-MiTierUITests.debug.xcconfig"; path = "Target Support Files/Pods-MiTier-MiTierUITests/Pods-MiTier-MiTierUITests.debug.xcconfig"; sourceTree = "<group>"; };
		43C2207EED117FB8F7A74DEB /* Pods-MiTierTests.release.xcconfig */ = {isa = PBXFileReference; includeInIndex = 1; lastKnownFileType = text.xcconfig; name = "Pods-MiTierTests.release.xcconfig"; path = "Target Support Files/Pods-MiTierTests/Pods-MiTierTests.release.xcconfig"; sourceTree = "<group>"; };
		4783D71A41F229C0731CC924 /* Pods-MiTierTests.debug.xcconfig */ = {isa = PBXFileReference; includeInIndex = 1; lastKnownFileType = text.xcconfig; name = "Pods-MiTierTests.debug.xcconfig"; path = "Target Support Files/Pods-MiTierTests/Pods-MiTierTests.debug.xcconfig"; sourceTree = "<group>"; };
		500F77336FB21F6B89D2AA80 /* Pods-MiTier.debug.xcconfig */ = {isa = PBXFileReference; includeInIndex = 1; lastKnownFileType = text.xcconfig; name = "Pods-MiTier.debug.xcconfig"; path = "Target Support Files/Pods-MiTier/Pods-MiTier.debug.xcconfig"; sourceTree = "<group>"; };
		942E7343E7B0E98B51929A51 /* Pods_MiTier.framework */ = {isa = PBXFileReference; explicitFileType = wrapper.framework; includeInIndex = 0; path = Pods_MiTier.framework; sourceTree = BUILT_PRODUCTS_DIR; };
		953D316D690B55373FEA25D2 /* Pods-MiTier.release.xcconfig */ = {isa = PBXFileReference; includeInIndex = 1; lastKnownFileType = text.xcconfig; name = "Pods-MiTier.release.xcconfig"; path = "Target Support Files/Pods-MiTier/Pods-MiTier.release.xcconfig"; sourceTree = "<group>"; };
		98059B4424F7C6FA00F12CE1 /* MiTier.app */ = {isa = PBXFileReference; explicitFileType = wrapper.application; includeInIndex = 0; path = MiTier.app; sourceTree = BUILT_PRODUCTS_DIR; };
		98059B4724F7C6FA00F12CE1 /* AppDelegate.swift */ = {isa = PBXFileReference; lastKnownFileType = sourcecode.swift; path = AppDelegate.swift; sourceTree = "<group>"; };
		98059B4924F7C6FA00F12CE1 /* SceneDelegate.swift */ = {isa = PBXFileReference; lastKnownFileType = sourcecode.swift; path = SceneDelegate.swift; sourceTree = "<group>"; };
		98059B4B24F7C6FA00F12CE1 /* ViewController.swift */ = {isa = PBXFileReference; lastKnownFileType = sourcecode.swift; path = ViewController.swift; sourceTree = "<group>"; };
		98059B4E24F7C6FA00F12CE1 /* Base */ = {isa = PBXFileReference; lastKnownFileType = file.storyboard; name = Base; path = Base.lproj/Main.storyboard; sourceTree = "<group>"; };
		98059B5024F7C6FA00F12CE1 /* Assets.xcassets */ = {isa = PBXFileReference; lastKnownFileType = folder.assetcatalog; path = Assets.xcassets; sourceTree = "<group>"; };
		98059B5324F7C6FA00F12CE1 /* Base */ = {isa = PBXFileReference; lastKnownFileType = file.storyboard; name = Base; path = Base.lproj/LaunchScreen.storyboard; sourceTree = "<group>"; };
		98059B5524F7C6FA00F12CE1 /* Info.plist */ = {isa = PBXFileReference; lastKnownFileType = text.plist.xml; path = Info.plist; sourceTree = "<group>"; };
		98059B5A24F7C6FA00F12CE1 /* MiTierTests.xctest */ = {isa = PBXFileReference; explicitFileType = wrapper.cfbundle; includeInIndex = 0; path = MiTierTests.xctest; sourceTree = BUILT_PRODUCTS_DIR; };
		98059B5E24F7C6FA00F12CE1 /* MiTierTests.swift */ = {isa = PBXFileReference; lastKnownFileType = sourcecode.swift; path = MiTierTests.swift; sourceTree = "<group>"; };
		98059B6024F7C6FA00F12CE1 /* Info.plist */ = {isa = PBXFileReference; lastKnownFileType = text.plist.xml; path = Info.plist; sourceTree = "<group>"; };
		98059B6524F7C6FA00F12CE1 /* MiTierUITests.xctest */ = {isa = PBXFileReference; explicitFileType = wrapper.cfbundle; includeInIndex = 0; path = MiTierUITests.xctest; sourceTree = BUILT_PRODUCTS_DIR; };
		98059B6924F7C6FA00F12CE1 /* MiTierUITests.swift */ = {isa = PBXFileReference; lastKnownFileType = sourcecode.swift; path = MiTierUITests.swift; sourceTree = "<group>"; };
		98059B6B24F7C6FA00F12CE1 /* Info.plist */ = {isa = PBXFileReference; lastKnownFileType = text.plist.xml; path = Info.plist; sourceTree = "<group>"; };
		98659779C261DD4AAD239594 /* Pods_MiTier_MiTierUITests.framework */ = {isa = PBXFileReference; explicitFileType = wrapper.framework; includeInIndex = 0; path = Pods_MiTier_MiTierUITests.framework; sourceTree = BUILT_PRODUCTS_DIR; };
		BEB5DB4FBFB6671B299714B4 /* Pods-MiTier-MiTierUITests.release.xcconfig */ = {isa = PBXFileReference; includeInIndex = 1; lastKnownFileType = text.xcconfig; name = "Pods-MiTier-MiTierUITests.release.xcconfig"; path = "Target Support Files/Pods-MiTier-MiTierUITests/Pods-MiTier-MiTierUITests.release.xcconfig"; sourceTree = "<group>"; };
		E09A59788D62FA36D8A81E03 /* Pods_MiTierTests.framework */ = {isa = PBXFileReference; explicitFileType = wrapper.framework; includeInIndex = 0; path = Pods_MiTierTests.framework; sourceTree = BUILT_PRODUCTS_DIR; };
/* End PBXFileReference section */

/* Begin PBXFrameworksBuildPhase section */
		98059B4124F7C6FA00F12CE1 /* Frameworks */ = {
			isa = PBXFrameworksBuildPhase;
			buildActionMask = 2147483647;
			files = (
				7204104A5C81411D5F5F782E /* Pods_MiTier.framework in Frameworks */,
			);
			runOnlyForDeploymentPostprocessing = 0;
		};
		98059B5724F7C6FA00F12CE1 /* Frameworks */ = {
			isa = PBXFrameworksBuildPhase;
			buildActionMask = 2147483647;
			files = (
				4AE9B497F323B8574F6435EB /* Pods_MiTierTests.framework in Frameworks */,
			);
			runOnlyForDeploymentPostprocessing = 0;
		};
		98059B6224F7C6FA00F12CE1 /* Frameworks */ = {
			isa = PBXFrameworksBuildPhase;
			buildActionMask = 2147483647;
			files = (
				C5DE6C25E7BA8FB2D3F326A9 /* Pods_MiTier_MiTierUITests.framework in Frameworks */,
			);
			runOnlyForDeploymentPostprocessing = 0;
		};
/* End PBXFrameworksBuildPhase section */

/* Begin PBXGroup section */
		10A239124E3C57E82EE095CC /* Pods */ = {
			isa = PBXGroup;
			children = (
				500F77336FB21F6B89D2AA80 /* Pods-MiTier.debug.xcconfig */,
				953D316D690B55373FEA25D2 /* Pods-MiTier.release.xcconfig */,
				1D6DDC377556A4F65DAE4DCB /* Pods-MiTier-MiTierUITests.debug.xcconfig */,
				BEB5DB4FBFB6671B299714B4 /* Pods-MiTier-MiTierUITests.release.xcconfig */,
				4783D71A41F229C0731CC924 /* Pods-MiTierTests.debug.xcconfig */,
				43C2207EED117FB8F7A74DEB /* Pods-MiTierTests.release.xcconfig */,
			);
			name = Pods;
			path = Pods;
			sourceTree = "<group>";
		};
		98059B3B24F7C6FA00F12CE1 = {
			isa = PBXGroup;
			children = (
				98059B4624F7C6FA00F12CE1 /* MiTier */,
				98059B5D24F7C6FA00F12CE1 /* MiTierTests */,
				98059B6824F7C6FA00F12CE1 /* MiTierUITests */,
				98059B4524F7C6FA00F12CE1 /* Products */,
				10A239124E3C57E82EE095CC /* Pods */,
				D76EB399411811B5311AA6A7 /* Frameworks */,
			);
			sourceTree = "<group>";
		};
		98059B4524F7C6FA00F12CE1 /* Products */ = {
			isa = PBXGroup;
			children = (
				98059B4424F7C6FA00F12CE1 /* MiTier.app */,
				98059B5A24F7C6FA00F12CE1 /* MiTierTests.xctest */,
				98059B6524F7C6FA00F12CE1 /* MiTierUITests.xctest */,
			);
			name = Products;
			sourceTree = "<group>";
		};
		98059B4624F7C6FA00F12CE1 /* MiTier */ = {
			isa = PBXGroup;
			children = (
				98059B4724F7C6FA00F12CE1 /* AppDelegate.swift */,
				98059B4924F7C6FA00F12CE1 /* SceneDelegate.swift */,
				98059B4B24F7C6FA00F12CE1 /* ViewController.swift */,
				98059B4D24F7C6FA00F12CE1 /* Main.storyboard */,
				98059B5024F7C6FA00F12CE1 /* Assets.xcassets */,
				98059B5224F7C6FA00F12CE1 /* LaunchScreen.storyboard */,
				98059B5524F7C6FA00F12CE1 /* Info.plist */,
			);
			path = MiTier;
			sourceTree = "<group>";
		};
		98059B5D24F7C6FA00F12CE1 /* MiTierTests */ = {
			isa = PBXGroup;
			children = (
				98059B5E24F7C6FA00F12CE1 /* MiTierTests.swift */,
				98059B6024F7C6FA00F12CE1 /* Info.plist */,
			);
			path = MiTierTests;
			sourceTree = "<group>";
		};
		98059B6824F7C6FA00F12CE1 /* MiTierUITests */ = {
			isa = PBXGroup;
			children = (
				98059B6924F7C6FA00F12CE1 /* MiTierUITests.swift */,
				98059B6B24F7C6FA00F12CE1 /* Info.plist */,
			);
			path = MiTierUITests;
			sourceTree = "<group>";
		};
		D76EB399411811B5311AA6A7 /* Frameworks */ = {
			isa = PBXGroup;
			children = (
				942E7343E7B0E98B51929A51 /* Pods_MiTier.framework */,
				98659779C261DD4AAD239594 /* Pods_MiTier_MiTierUITests.framework */,
				E09A59788D62FA36D8A81E03 /* Pods_MiTierTests.framework */,
			);
			name = Frameworks;
			sourceTree = "<group>";
		};
/* End PBXGroup section */

/* Begin PBXNativeTarget section */
		98059B4324F7C6FA00F12CE1 /* MiTier */ = {
			isa = PBXNativeTarget;
			buildConfigurationList = 98059B6E24F7C6FA00F12CE1 /* Build configuration list for PBXNativeTarget "MiTier" */;
			buildPhases = (
				B8D52542F9146A666202C004 /* [CP] Check Pods Manifest.lock */,
				98059B4024F7C6FA00F12CE1 /* Sources */,
				98059B4124F7C6FA00F12CE1 /* Frameworks */,
				98059B4224F7C6FA00F12CE1 /* Resources */,
				A9C3008C9EEE40E7C33DF1B2 /* [CP] Embed Pods Frameworks */,
			);
			buildRules = (
			);
			dependencies = (
			);
			name = MiTier;
			productName = MiTier;
			productReference = 98059B4424F7C6FA00F12CE1 /* MiTier.app */;
			productType = "com.apple.product-type.application";
		};
		98059B5924F7C6FA00F12CE1 /* MiTierTests */ = {
			isa = PBXNativeTarget;
			buildConfigurationList = 98059B7124F7C6FA00F12CE1 /* Build configuration list for PBXNativeTarget "MiTierTests" */;
			buildPhases = (
				E164E6B4464DFAA528D57F06 /* [CP] Check Pods Manifest.lock */,
				98059B5624F7C6FA00F12CE1 /* Sources */,
				98059B5724F7C6FA00F12CE1 /* Frameworks */,
				98059B5824F7C6FA00F12CE1 /* Resources */,
			);
			buildRules = (
			);
			dependencies = (
				98059B5C24F7C6FA00F12CE1 /* PBXTargetDependency */,
			);
			name = MiTierTests;
			productName = MiTierTests;
			productReference = 98059B5A24F7C6FA00F12CE1 /* MiTierTests.xctest */;
			productType = "com.apple.product-type.bundle.unit-test";
		};
		98059B6424F7C6FA00F12CE1 /* MiTierUITests */ = {
			isa = PBXNativeTarget;
			buildConfigurationList = 98059B7424F7C6FA00F12CE1 /* Build configuration list for PBXNativeTarget "MiTierUITests" */;
			buildPhases = (
				E2E5BAD9C935816F7D899405 /* [CP] Check Pods Manifest.lock */,
				98059B6124F7C6FA00F12CE1 /* Sources */,
				98059B6224F7C6FA00F12CE1 /* Frameworks */,
				98059B6324F7C6FA00F12CE1 /* Resources */,
				E018556C1BFB21557F7AD629 /* [CP] Embed Pods Frameworks */,
			);
			buildRules = (
			);
			dependencies = (
				98059B6724F7C6FA00F12CE1 /* PBXTargetDependency */,
			);
			name = MiTierUITests;
			productName = MiTierUITests;
			productReference = 98059B6524F7C6FA00F12CE1 /* MiTierUITests.xctest */;
			productType = "com.apple.product-type.bundle.ui-testing";
		};
/* End PBXNativeTarget section */

/* Begin PBXProject section */
		98059B3C24F7C6FA00F12CE1 /* Project object */ = {
			isa = PBXProject;
			attributes = {
				LastSwiftUpdateCheck = 1160;
				LastUpgradeCheck = 1160;
				ORGANIZATIONNAME = Arendai;
				TargetAttributes = {
					98059B4324F7C6FA00F12CE1 = {
						CreatedOnToolsVersion = 11.6;
					};
					98059B5924F7C6FA00F12CE1 = {
						CreatedOnToolsVersion = 11.6;
						TestTargetID = 98059B4324F7C6FA00F12CE1;
					};
					98059B6424F7C6FA00F12CE1 = {
						CreatedOnToolsVersion = 11.6;
						TestTargetID = 98059B4324F7C6FA00F12CE1;
					};
				};
			};
			buildConfigurationList = 98059B3F24F7C6FA00F12CE1 /* Build configuration list for PBXProject "MiTier" */;
			compatibilityVersion = "Xcode 9.3";
			developmentRegion = en;
			hasScannedForEncodings = 0;
			knownRegions = (
				en,
				Base,
			);
			mainGroup = 98059B3B24F7C6FA00F12CE1;
			productRefGroup = 98059B4524F7C6FA00F12CE1 /* Products */;
			projectDirPath = "";
			projectRoot = "";
			targets = (
				98059B4324F7C6FA00F12CE1 /* MiTier */,
				98059B5924F7C6FA00F12CE1 /* MiTierTests */,
				98059B6424F7C6FA00F12CE1 /* MiTierUITests */,
			);
		};
/* End PBXProject section */

/* Begin PBXResourcesBuildPhase section */
		98059B4224F7C6FA00F12CE1 /* Resources */ = {
			isa = PBXResourcesBuildPhase;
			buildActionMask = 2147483647;
			files = (
				98059B5424F7C6FA00F12CE1 /* LaunchScreen.storyboard in Resources */,
				98059B5124F7C6FA00F12CE1 /* Assets.xcassets in Resources */,
				98059B4F24F7C6FA00F12CE1 /* Main.storyboard in Resources */,
			);
			runOnlyForDeploymentPostprocessing = 0;
		};
		98059B5824F7C6FA00F12CE1 /* Resources */ = {
			isa = PBXResourcesBuildPhase;
			buildActionMask = 2147483647;
			files = (
			);
			runOnlyForDeploymentPostprocessing = 0;
		};
		98059B6324F7C6FA00F12CE1 /* Resources */ = {
			isa = PBXResourcesBuildPhase;
			buildActionMask = 2147483647;
			files = (
			);
			runOnlyForDeploymentPostprocessing = 0;
		};
/* End PBXResourcesBuildPhase section */

/* Begin PBXShellScriptBuildPhase section */
		A9C3008C9EEE40E7C33DF1B2 /* [CP] Embed Pods Frameworks */ = {
			isa = PBXShellScriptBuildPhase;
			buildActionMask = 2147483647;
			files = (
			);
			inputFileListPaths = (
				"${PODS_ROOT}/Target Support Files/Pods-MiTier/Pods-MiTier-frameworks-${CONFIGURATION}-input-files.xcfilelist",
			);
			name = "[CP] Embed Pods Frameworks";
			outputFileListPaths = (
				"${PODS_ROOT}/Target Support Files/Pods-MiTier/Pods-MiTier-frameworks-${CONFIGURATION}-output-files.xcfilelist",
			);
			runOnlyForDeploymentPostprocessing = 0;
			shellPath = /bin/sh;
			shellScript = "\"${PODS_ROOT}/Target Support Files/Pods-MiTier/Pods-MiTier-frameworks.sh\"\n";
			showEnvVarsInLog = 0;
		};
		B8D52542F9146A666202C004 /* [CP] Check Pods Manifest.lock */ = {
			isa = PBXShellScriptBuildPhase;
			buildActionMask = 2147483647;
			files = (
			);
			inputFileListPaths = (
			);
			inputPaths = (
				"${PODS_PODFILE_DIR_PATH}/Podfile.lock",
				"${PODS_ROOT}/Manifest.lock",
			);
			name = "[CP] Check Pods Manifest.lock";
			outputFileListPaths = (
			);
			outputPaths = (
				"$(DERIVED_FILE_DIR)/Pods-MiTier-checkManifestLockResult.txt",
			);
			runOnlyForDeploymentPostprocessing = 0;
			shellPath = /bin/sh;
			shellScript = "diff \"${PODS_PODFILE_DIR_PATH}/Podfile.lock\" \"${PODS_ROOT}/Manifest.lock\" > /dev/null\nif [ $? != 0 ] ; then\n    # print error to STDERR\n    echo \"error: The sandbox is not in sync with the Podfile.lock. Run 'pod install' or update your CocoaPods installation.\" >&2\n    exit 1\nfi\n# This output is used by Xcode 'outputs' to avoid re-running this script phase.\necho \"SUCCESS\" > \"${SCRIPT_OUTPUT_FILE_0}\"\n";
			showEnvVarsInLog = 0;
		};
		E018556C1BFB21557F7AD629 /* [CP] Embed Pods Frameworks */ = {
			isa = PBXShellScriptBuildPhase;
			buildActionMask = 2147483647;
			files = (
			);
			inputFileListPaths = (
				"${PODS_ROOT}/Target Support Files/Pods-MiTier-MiTierUITests/Pods-MiTier-MiTierUITests-frameworks-${CONFIGURATION}-input-files.xcfilelist",
			);
			name = "[CP] Embed Pods Frameworks";
			outputFileListPaths = (
				"${PODS_ROOT}/Target Support Files/Pods-MiTier-MiTierUITests/Pods-MiTier-MiTierUITests-frameworks-${CONFIGURATION}-output-files.xcfilelist",
			);
			runOnlyForDeploymentPostprocessing = 0;
			shellPath = /bin/sh;
			shellScript = "\"${PODS_ROOT}/Target Support Files/Pods-MiTier-MiTierUITests/Pods-MiTier-MiTierUITests-frameworks.sh\"\n";
			showEnvVarsInLog = 0;
		};
		E164E6B4464DFAA528D57F06 /* [CP] Check Pods Manifest.lock */ = {
			isa = PBXShellScriptBuildPhase;
			buildActionMask = 2147483647;
			files = (
			);
			inputFileListPaths = (
			);
			inputPaths = (
				"${PODS_PODFILE_DIR_PATH}/Podfile.lock",
				"${PODS_ROOT}/Manifest.lock",
			);
			name = "[CP] Check Pods Manifest.lock";
			outputFileListPaths = (
			);
			outputPaths = (
				"$(DERIVED_FILE_DIR)/Pods-MiTierTests-checkManifestLockResult.txt",
			);
			runOnlyForDeploymentPostprocessing = 0;
			shellPath = /bin/sh;
			shellScript = "diff \"${PODS_PODFILE_DIR_PATH}/Podfile.lock\" \"${PODS_ROOT}/Manifest.lock\" > /dev/null\nif [ $? != 0 ] ; then\n    # print error to STDERR\n    echo \"error: The sandbox is not in sync with the Podfile.lock. Run 'pod install' or update your CocoaPods installation.\" >&2\n    exit 1\nfi\n# This output is used by Xcode 'outputs' to avoid re-running this script phase.\necho \"SUCCESS\" > \"${SCRIPT_OUTPUT_FILE_0}\"\n";
			showEnvVarsInLog = 0;
		};
		E2E5BAD9C935816F7D899405 /* [CP] Check Pods Manifest.lock */ = {
			isa = PBXShellScriptBuildPhase;
			buildActionMask = 2147483647;
			files = (
			);
			inputFileListPaths = (
			);
			inputPaths = (
				"${PODS_PODFILE_DIR_PATH}/Podfile.lock",
				"${PODS_ROOT}/Manifest.lock",
			);
			name = "[CP] Check Pods Manifest.lock";
			outputFileListPaths = (
			);
			outputPaths = (
				"$(DERIVED_FILE_DIR)/Pods-MiTier-MiTierUITests-checkManifestLockResult.txt",
			);
			runOnlyForDeploymentPostprocessing = 0;
			shellPath = /bin/sh;
			shellScript = "diff \"${PODS_PODFILE_DIR_PATH}/Podfile.lock\" \"${PODS_ROOT}/Manifest.lock\" > /dev/null\nif [ $? != 0 ] ; then\n    # print error to STDERR\n    echo \"error: The sandbox is not in sync with the Podfile.lock. Run 'pod install' or update your CocoaPods installation.\" >&2\n    exit 1\nfi\n# This output is used by Xcode 'outputs' to avoid re-running this script phase.\necho \"SUCCESS\" > \"${SCRIPT_OUTPUT_FILE_0}\"\n";
			showEnvVarsInLog = 0;
		};
/* End PBXShellScriptBuildPhase section */

/* Begin PBXSourcesBuildPhase section */
		98059B4024F7C6FA00F12CE1 /* Sources */ = {
			isa = PBXSourcesBuildPhase;
			buildActionMask = 2147483647;
			files = (
				98059B4C24F7C6FA00F12CE1 /* ViewController.swift in Sources */,
				98059B4824F7C6FA00F12CE1 /* AppDelegate.swift in Sources */,
				98059B4A24F7C6FA00F12CE1 /* SceneDelegate.swift in Sources */,
			);
			runOnlyForDeploymentPostprocessing = 0;
		};
		98059B5624F7C6FA00F12CE1 /* Sources */ = {
			isa = PBXSourcesBuildPhase;
			buildActionMask = 2147483647;
			files = (
				98059B5F24F7C6FA00F12CE1 /* MiTierTests.swift in Sources */,
			);
			runOnlyForDeploymentPostprocessing = 0;
		};
		98059B6124F7C6FA00F12CE1 /* Sources */ = {
			isa = PBXSourcesBuildPhase;
			buildActionMask = 2147483647;
			files = (
				98059B6A24F7C6FA00F12CE1 /* MiTierUITests.swift in Sources */,
			);
			runOnlyForDeploymentPostprocessing = 0;
		};
/* End PBXSourcesBuildPhase section */

/* Begin PBXTargetDependency section */
		98059B5C24F7C6FA00F12CE1 /* PBXTargetDependency */ = {
			isa = PBXTargetDependency;
			target = 98059B4324F7C6FA00F12CE1 /* MiTier */;
			targetProxy = 98059B5B24F7C6FA00F12CE1 /* PBXContainerItemProxy */;
		};
		98059B6724F7C6FA00F12CE1 /* PBXTargetDependency */ = {
			isa = PBXTargetDependency;
			target = 98059B4324F7C6FA00F12CE1 /* MiTier */;
			targetProxy = 98059B6624F7C6FA00F12CE1 /* PBXContainerItemProxy */;
		};
/* End PBXTargetDependency section */

/* Begin PBXVariantGroup section */
		98059B4D24F7C6FA00F12CE1 /* Main.storyboard */ = {
			isa = PBXVariantGroup;
			children = (
				98059B4E24F7C6FA00F12CE1 /* Base */,
			);
			name = Main.storyboard;
			sourceTree = "<group>";
		};
		98059B5224F7C6FA00F12CE1 /* LaunchScreen.storyboard */ = {
			isa = PBXVariantGroup;
			children = (
				98059B5324F7C6FA00F12CE1 /* Base */,
			);
			name = LaunchScreen.storyboard;
			sourceTree = "<group>";
		};
/* End PBXVariantGroup section */

/* Begin XCBuildConfiguration section */
		98059B6C24F7C6FA00F12CE1 /* Debug */ = {
			isa = XCBuildConfiguration;
			buildSettings = {
				ALWAYS_SEARCH_USER_PATHS = NO;
				CLANG_ANALYZER_NONNULL = YES;
				CLANG_ANALYZER_NUMBER_OBJECT_CONVERSION = YES_AGGRESSIVE;
				CLANG_CXX_LANGUAGE_STANDARD = "gnu++14";
				CLANG_CXX_LIBRARY = "libc++";
				CLANG_ENABLE_MODULES = YES;
				CLANG_ENABLE_OBJC_ARC = YES;
				CLANG_ENABLE_OBJC_WEAK = YES;
				CLANG_WARN_BLOCK_CAPTURE_AUTORELEASING = YES;
				CLANG_WARN_BOOL_CONVERSION = YES;
				CLANG_WARN_COMMA = YES;
				CLANG_WARN_CONSTANT_CONVERSION = YES;
				CLANG_WARN_DEPRECATED_OBJC_IMPLEMENTATIONS = YES;
				CLANG_WARN_DIRECT_OBJC_ISA_USAGE = YES_ERROR;
				CLANG_WARN_DOCUMENTATION_COMMENTS = YES;
				CLANG_WARN_EMPTY_BODY = YES;
				CLANG_WARN_ENUM_CONVERSION = YES;
				CLANG_WARN_INFINITE_RECURSION = YES;
				CLANG_WARN_INT_CONVERSION = YES;
				CLANG_WARN_NON_LITERAL_NULL_CONVERSION = YES;
				CLANG_WARN_OBJC_IMPLICIT_RETAIN_SELF = YES;
				CLANG_WARN_OBJC_LITERAL_CONVERSION = YES;
				CLANG_WARN_OBJC_ROOT_CLASS = YES_ERROR;
				CLANG_WARN_RANGE_LOOP_ANALYSIS = YES;
				CLANG_WARN_STRICT_PROTOTYPES = YES;
				CLANG_WARN_SUSPICIOUS_MOVE = YES;
				CLANG_WARN_UNGUARDED_AVAILABILITY = YES_AGGRESSIVE;
				CLANG_WARN_UNREACHABLE_CODE = YES;
				CLANG_WARN__DUPLICATE_METHOD_MATCH = YES;
				COPY_PHASE_STRIP = NO;
				DEBUG_INFORMATION_FORMAT = dwarf;
				ENABLE_STRICT_OBJC_MSGSEND = YES;
				ENABLE_TESTABILITY = YES;
				GCC_C_LANGUAGE_STANDARD = gnu11;
				GCC_DYNAMIC_NO_PIC = NO;
				GCC_NO_COMMON_BLOCKS = YES;
				GCC_OPTIMIZATION_LEVEL = 0;
				GCC_PREPROCESSOR_DEFINITIONS = (
					"DEBUG=1",
					"$(inherited)",
				);
				GCC_WARN_64_TO_32_BIT_CONVERSION = YES;
				GCC_WARN_ABOUT_RETURN_TYPE = YES_ERROR;
				GCC_WARN_UNDECLARED_SELECTOR = YES;
				GCC_WARN_UNINITIALIZED_AUTOS = YES_AGGRESSIVE;
				GCC_WARN_UNUSED_FUNCTION = YES;
				GCC_WARN_UNUSED_VARIABLE = YES;
				IPHONEOS_DEPLOYMENT_TARGET = 13.6;
				MTL_ENABLE_DEBUG_INFO = INCLUDE_SOURCE;
				MTL_FAST_MATH = YES;
				ONLY_ACTIVE_ARCH = YES;
				SDKROOT = iphoneos;
				SWIFT_ACTIVE_COMPILATION_CONDITIONS = DEBUG;
				SWIFT_OPTIMIZATION_LEVEL = "-Onone";
			};
			name = Debug;
		};
		98059B6D24F7C6FA00F12CE1 /* Release */ = {
			isa = XCBuildConfiguration;
			buildSettings = {
				ALWAYS_SEARCH_USER_PATHS = NO;
				CLANG_ANALYZER_NONNULL = YES;
				CLANG_ANALYZER_NUMBER_OBJECT_CONVERSION = YES_AGGRESSIVE;
				CLANG_CXX_LANGUAGE_STANDARD = "gnu++14";
				CLANG_CXX_LIBRARY = "libc++";
				CLANG_ENABLE_MODULES = YES;
				CLANG_ENABLE_OBJC_ARC = YES;
				CLANG_ENABLE_OBJC_WEAK = YES;
				CLANG_WARN_BLOCK_CAPTURE_AUTORELEASING = YES;
				CLANG_WARN_BOOL_CONVERSION = YES;
				CLANG_WARN_COMMA = YES;
				CLANG_WARN_CONSTANT_CONVERSION = YES;
				CLANG_WARN_DEPRECATED_OBJC_IMPLEMENTATIONS = YES;
				CLANG_WARN_DIRECT_OBJC_ISA_USAGE = YES_ERROR;
				CLANG_WARN_DOCUMENTATION_COMMENTS = YES;
				CLANG_WARN_EMPTY_BODY = YES;
				CLANG_WARN_ENUM_CONVERSION = YES;
				CLANG_WARN_INFINITE_RECURSION = YES;
				CLANG_WARN_INT_CONVERSION = YES;
				CLANG_WARN_NON_LITERAL_NULL_CONVERSION = YES;
				CLANG_WARN_OBJC_IMPLICIT_RETAIN_SELF = YES;
				CLANG_WARN_OBJC_LITERAL_CONVERSION = YES;
				CLANG_WARN_OBJC_ROOT_CLASS = YES_ERROR;
				CLANG_WARN_RANGE_LOOP_ANALYSIS = YES;
				CLANG_WARN_STRICT_PROTOTYPES = YES;
				CLANG_WARN_SUSPICIOUS_MOVE = YES;
				CLANG_WARN_UNGUARDED_AVAILABILITY = YES_AGGRESSIVE;
				CLANG_WARN_UNREACHABLE_CODE = YES;
				CLANG_WARN__DUPLICATE_METHOD_MATCH = YES;
				COPY_PHASE_STRIP = NO;
				DEBUG_INFORMATION_FORMAT = "dwarf-with-dsym";
				ENABLE_NS_ASSERTIONS = NO;
				ENABLE_STRICT_OBJC_MSGSEND = YES;
				GCC_C_LANGUAGE_STANDARD = gnu11;
				GCC_NO_COMMON_BLOCKS = YES;
				GCC_WARN_64_TO_32_BIT_CONVERSION = YES;
				GCC_WARN_ABOUT_RETURN_TYPE = YES_ERROR;
				GCC_WARN_UNDECLARED_SELECTOR = YES;
				GCC_WARN_UNINITIALIZED_AUTOS = YES_AGGRESSIVE;
				GCC_WARN_UNUSED_FUNCTION = YES;
				GCC_WARN_UNUSED_VARIABLE = YES;
				IPHONEOS_DEPLOYMENT_TARGET = 13.6;
				MTL_ENABLE_DEBUG_INFO = NO;
				MTL_FAST_MATH = YES;
				SDKROOT = iphoneos;
				SWIFT_COMPILATION_MODE = wholemodule;
				SWIFT_OPTIMIZATION_LEVEL = "-O";
				VALIDATE_PRODUCT = YES;
			};
			name = Release;
		};
		98059B6F24F7C6FA00F12CE1 /* Debug */ = {
			isa = XCBuildConfiguration;
			baseConfigurationReference = 500F77336FB21F6B89D2AA80 /* Pods-MiTier.debug.xcconfig */;
			buildSettings = {
				ASSETCATALOG_COMPILER_APPICON_NAME = AppIcon;
				CODE_SIGN_STYLE = Automatic;
				DEVELOPMENT_TEAM = 2ZY2GY9Z2J;
				INFOPLIST_FILE = MiTier/Info.plist;
				LD_RUNPATH_SEARCH_PATHS = (
					"$(inherited)",
					"@executable_path/Frameworks",
				);
				PRODUCT_BUNDLE_IDENTIFIER = xyz.MiTier;
				PRODUCT_NAME = "$(TARGET_NAME)";
				SWIFT_VERSION = 5.0;
				TARGETED_DEVICE_FAMILY = "1,2";
			};
			name = Debug;
		};
		98059B7024F7C6FA00F12CE1 /* Release */ = {
			isa = XCBuildConfiguration;
			baseConfigurationReference = 953D316D690B55373FEA25D2 /* Pods-MiTier.release.xcconfig */;
			buildSettings = {
				ASSETCATALOG_COMPILER_APPICON_NAME = AppIcon;
				CODE_SIGN_STYLE = Automatic;
				DEVELOPMENT_TEAM = 2ZY2GY9Z2J;
				INFOPLIST_FILE = MiTier/Info.plist;
				LD_RUNPATH_SEARCH_PATHS = (
					"$(inherited)",
					"@executable_path/Frameworks",
				);
				PRODUCT_BUNDLE_IDENTIFIER = xyz.MiTier;
				PRODUCT_NAME = "$(TARGET_NAME)";
				SWIFT_VERSION = 5.0;
				TARGETED_DEVICE_FAMILY = "1,2";
			};
			name = Release;
		};
		98059B7224F7C6FA00F12CE1 /* Debug */ = {
			isa = XCBuildConfiguration;
			baseConfigurationReference = 4783D71A41F229C0731CC924 /* Pods-MiTierTests.debug.xcconfig */;
			buildSettings = {
				ALWAYS_EMBED_SWIFT_STANDARD_LIBRARIES = YES;
				BUNDLE_LOADER = "$(TEST_HOST)";
				CODE_SIGN_STYLE = Automatic;
				DEVELOPMENT_TEAM = 2ZY2GY9Z2J;
				INFOPLIST_FILE = MiTierTests/Info.plist;
				IPHONEOS_DEPLOYMENT_TARGET = 13.6;
				LD_RUNPATH_SEARCH_PATHS = (
					"$(inherited)",
					"@executable_path/Frameworks",
					"@loader_path/Frameworks",
				);
				PRODUCT_BUNDLE_IDENTIFIER = xyz.MiTierTests;
				PRODUCT_NAME = "$(TARGET_NAME)";
				SWIFT_VERSION = 5.0;
				TARGETED_DEVICE_FAMILY = "1,2";
				TEST_HOST = "$(BUILT_PRODUCTS_DIR)/MiTier.app/MiTier";
			};
			name = Debug;
		};
		98059B7324F7C6FA00F12CE1 /* Release */ = {
			isa = XCBuildConfiguration;
			baseConfigurationReference = 43C2207EED117FB8F7A74DEB /* Pods-MiTierTests.release.xcconfig */;
			buildSettings = {
				ALWAYS_EMBED_SWIFT_STANDARD_LIBRARIES = YES;
				BUNDLE_LOADER = "$(TEST_HOST)";
				CODE_SIGN_STYLE = Automatic;
				DEVELOPMENT_TEAM = 2ZY2GY9Z2J;
				INFOPLIST_FILE = MiTierTests/Info.plist;
				IPHONEOS_DEPLOYMENT_TARGET = 13.6;
				LD_RUNPATH_SEARCH_PATHS = (
					"$(inherited)",
					"@executable_path/Frameworks",
					"@loader_path/Frameworks",
				);
				PRODUCT_BUNDLE_IDENTIFIER = xyz.MiTierTests;
				PRODUCT_NAME = "$(TARGET_NAME)";
				SWIFT_VERSION = 5.0;
				TARGETED_DEVICE_FAMILY = "1,2";
				TEST_HOST = "$(BUILT_PRODUCTS_DIR)/MiTier.app/MiTier";
			};
			name = Release;
		};
		98059B7524F7C6FA00F12CE1 /* Debug */ = {
			isa = XCBuildConfiguration;
			baseConfigurationReference = 1D6DDC377556A4F65DAE4DCB /* Pods-MiTier-MiTierUITests.debug.xcconfig */;
			buildSettings = {
				ALWAYS_EMBED_SWIFT_STANDARD_LIBRARIES = YES;
				CODE_SIGN_STYLE = Automatic;
				DEVELOPMENT_TEAM = 2ZY2GY9Z2J;
				INFOPLIST_FILE = MiTierUITests/Info.plist;
				LD_RUNPATH_SEARCH_PATHS = (
					"$(inherited)",
					"@executable_path/Frameworks",
					"@loader_path/Frameworks",
				);
				PRODUCT_BUNDLE_IDENTIFIER = xyz.MiTierUITests;
				PRODUCT_NAME = "$(TARGET_NAME)";
				SWIFT_VERSION = 5.0;
				TARGETED_DEVICE_FAMILY = "1,2";
				TEST_TARGET_NAME = MiTier;
			};
			name = Debug;
		};
		98059B7624F7C6FA00F12CE1 /* Release */ = {
			isa = XCBuildConfiguration;
			baseConfigurationReference = BEB5DB4FBFB6671B299714B4 /* Pods-MiTier-MiTierUITests.release.xcconfig */;
			buildSettings = {
				ALWAYS_EMBED_SWIFT_STANDARD_LIBRARIES = YES;
				CODE_SIGN_STYLE = Automatic;
				DEVELOPMENT_TEAM = 2ZY2GY9Z2J;
				INFOPLIST_FILE = MiTierUITests/Info.plist;
				LD_RUNPATH_SEARCH_PATHS = (
					"$(inherited)",
					"@executable_path/Frameworks",
					"@loader_path/Frameworks",
				);
				PRODUCT_BUNDLE_IDENTIFIER = xyz.MiTierUITests;
				PRODUCT_NAME = "$(TARGET_NAME)";
				SWIFT_VERSION = 5.0;
				TARGETED_DEVICE_FAMILY = "1,2";
				TEST_TARGET_NAME = MiTier;
			};
			name = Release;
		};
/* End XCBuildConfiguration section */

/* Begin XCConfigurationList section */
		98059B3F24F7C6FA00F12CE1 /* Build configuration list for PBXProject "MiTier" */ = {
			isa = XCConfigurationList;
			buildConfigurations = (
				98059B6C24F7C6FA00F12CE1 /* Debug */,
				98059B6D24F7C6FA00F12CE1 /* Release */,
			);
			defaultConfigurationIsVisible = 0;
			defaultConfigurationName = Release;
		};
		98059B6E24F7C6FA00F12CE1 /* Build configuration list for PBXNativeTarget "MiTier" */ = {
			isa = XCConfigurationList;
			buildConfigurations = (
				98059B6F24F7C6FA00F12CE1 /* Debug */,
				98059B7024F7C6FA00F12CE1 /* Release */,
			);
			defaultConfigurationIsVisible = 0;
			defaultConfigurationName = Release;
		};
		98059B7124F7C6FA00F12CE1 /* Build configuration list for PBXNativeTarget "MiTierTests" */ = {
			isa = XCConfigurationList;
			buildConfigurations = (
				98059B7224F7C6FA00F12CE1 /* Debug */,
				98059B7324F7C6FA00F12CE1 /* Release */,
			);
			defaultConfigurationIsVisible = 0;
			defaultConfigurationName = Release;
		};
		98059B7424F7C6FA00F12CE1 /* Build configuration list for PBXNativeTarget "MiTierUITests" */ = {
			isa = XCConfigurationList;
			buildConfigurations = (
				98059B7524F7C6FA00F12CE1 /* Debug */,
				98059B7624F7C6FA00F12CE1 /* Release */,
			);
			defaultConfigurationIsVisible = 0;
			defaultConfigurationName = Release;
		};
/* End XCConfigurationList section */
	};
	rootObject = 98059B3C24F7C6FA00F12CE1 /* Project object */;
}
